
Microsoft Visual Studio Solution File, Format Version 12.00
# Visual Studio Version 17
VisualStudioVersion = 17.7.34024.191
MinimumVisualStudioVersion = 10.0.40219.1
Project("{FAE04EC0-301F-11D3-BF4B-00C04F79EFBC}") = "KrisInfoWeb", "KrisInfoWeb\KrisInfoWeb.csproj", "{C7E1BFC3-8FF2-4C74-AB23-FAB04FF534FF}"
EndProject
Global
	GlobalSection(SolutionConfigurationPlatforms) = preSolution
		Debug|Any CPU = Debug|Any CPU
		Release|Any CPU = Release|Any CPU
	EndGlobalSection
	GlobalSection(ProjectConfigurationPlatforms) = postSolution
		{C7E1BFC3-8FF2-4C74-AB23-FAB04FF534FF}.Debug|Any CPU.ActiveCfg = Debug|Any CPU
		{C7E1BFC3-8FF2-4C74-AB23-FAB04FF534FF}.Debug|Any CPU.Build.0 = Debug|Any CPU
		{C7E1BFC3-8FF2-4C74-AB23-FAB04FF534FF}.Release|Any CPU.ActiveCfg = Release|Any CPU
		{C7E1BFC3-8FF2-4C74-AB23-FAB04FF534FF}.Release|Any CPU.Build.0 = Release|Any CPU
	EndGlobalSection
	GlobalSection(SolutionProperties) = preSolution
		HideSolutionNode = FALSE
	EndGlobalSection
	GlobalSection(ExtensibilityGlobals) = postSolution
		SolutionGuid = {D1E3856D-CC64-4823-9E8D-4DED1579E793}
	EndGlobalSection
EndGlobal
